// !$*UTF8*$!
{
	archiveVersion = 1;
	classes = {
	};
	objectVersion = 56;
	objects = {

/* Begin PBXBuildFile section */
		5147A2E32CECA094004D56F8 /* AppDelegate.swift in Sources */ = {isa = PBXBuildFile; fileRef = 5147A2E22CECA094004D56F8 /* AppDelegate.swift */; };
		5147A2E52CECA094004D56F8 /* SceneDelegate.swift in Sources */ = {isa = PBXBuildFile; fileRef = 5147A2E42CECA094004D56F8 /* SceneDelegate.swift */; };
		5147A2EA2CECA094004D56F8 /* Main.storyboard in Resources */ = {isa = PBXBuildFile; fileRef = 5147A2E82CECA094004D56F8 /* Main.storyboard */; };
		5147A2EC2CECA095004D56F8 /* Assets.xcassets in Resources */ = {isa = PBXBuildFile; fileRef = 5147A2EB2CECA095004D56F8 /* Assets.xcassets */; };
		5147A2EF2CECA095004D56F8 /* LaunchScreen.storyboard in Resources */ = {isa = PBXBuildFile; fileRef = 5147A2ED2CECA095004D56F8 /* LaunchScreen.storyboard */; };
		5147A2FA2CECA096004D56F8 /* tableTests.swift in Sources */ = {isa = PBXBuildFile; fileRef = 5147A2F92CECA096004D56F8 /* tableTests.swift */; };
		5147A3042CECA096004D56F8 /* tableUITests.swift in Sources */ = {isa = PBXBuildFile; fileRef = 5147A3032CECA096004D56F8 /* tableUITests.swift */; };
		5147A3062CECA096004D56F8 /* tableUITestsLaunchTests.swift in Sources */ = {isa = PBXBuildFile; fileRef = 5147A3052CECA096004D56F8 /* tableUITestsLaunchTests.swift */; };
		5147A3162CECA1FA004D56F8 /* User.swift in Sources */ = {isa = PBXBuildFile; fileRef = 5147A3152CECA1FA004D56F8 /* User.swift */; };
		5147A3182CECA216004D56F8 /* UserService.swift in Sources */ = {isa = PBXBuildFile; fileRef = 5147A3172CECA216004D56F8 /* UserService.swift */; };
		5147A31A2CECA23B004D56F8 /* UserViewController.swift in Sources */ = {isa = PBXBuildFile; fileRef = 5147A3192CECA23B004D56F8 /* UserViewController.swift */; };
		5147A31C2CECA264004D56F8 /* Presenter.swift in Sources */ = {isa = PBXBuildFile; fileRef = 5147A31B2CECA264004D56F8 /* Presenter.swift */; };
		5149EEFD2CED8E6A006D931B /* SettingCell.swift in Sources */ = {isa = PBXBuildFile; fileRef = 5149EEFC2CED8E6A006D931B /* SettingCell.swift */; };
		5CE31489D2A101604427F175 /* libPods-tableUITests.a in Frameworks */ = {isa = PBXBuildFile; fileRef = A5400359F078CE81E986C978 /* libPods-tableUITests.a */; };
		756ACC6505BA9BF6689928D0 /* libPods-tableTests.a in Frameworks */ = {isa = PBXBuildFile; fileRef = 80FB7A793E89AA5039A7C03B /* libPods-tableTests.a */; };
		EEC2D21201B35679686E2429 /* libPods-table.a in Frameworks */ = {isa = PBXBuildFile; fileRef = 0B7CC10A57028A31CEE7CAA5 /* libPods-table.a */; };
/* End PBXBuildFile section */

/* Begin PBXContainerItemProxy section */
		5147A2F62CECA096004D56F8 /* PBXContainerItemProxy */ = {
			isa = PBXContainerItemProxy;
			containerPortal = 5147A2D72CECA094004D56F8 /* Project object */;
			proxyType = 1;
			remoteGlobalIDString = 5147A2DE2CECA094004D56F8;
			remoteInfo = table;
		};
		5147A3002CECA096004D56F8 /* PBXContainerItemProxy */ = {
			isa = PBXContainerItemProxy;
			containerPortal = 5147A2D72CECA094004D56F8 /* Project object */;
			proxyType = 1;
			remoteGlobalIDString = 5147A2DE2CECA094004D56F8;
			remoteInfo = table;
		};
/* End PBXContainerItemProxy section */

/* Begin PBXFileReference section */
		0B7CC10A57028A31CEE7CAA5 /* libPods-table.a */ = {isa = PBXFileReference; explicitFileType = archive.ar; includeInIndex = 0; path = "libPods-table.a"; sourceTree = BUILT_PRODUCTS_DIR; };
		0D6C92FD372846F30E6F628D /* Pods-tableTests.debug.xcconfig */ = {isa = PBXFileReference; includeInIndex = 1; lastKnownFileType = text.xcconfig; name = "Pods-tableTests.debug.xcconfig"; path = "Target Support Files/Pods-tableTests/Pods-tableTests.debug.xcconfig"; sourceTree = "<group>"; };
		2EB055035A53A3D0B32AB85B /* Pods-tableUITests.release.xcconfig */ = {isa = PBXFileReference; includeInIndex = 1; lastKnownFileType = text.xcconfig; name = "Pods-tableUITests.release.xcconfig"; path = "Target Support Files/Pods-tableUITests/Pods-tableUITests.release.xcconfig"; sourceTree = "<group>"; };
		3EDCEF2A29B9F6687793506A /* Pods-tableUITests.debug.xcconfig */ = {isa = PBXFileReference; includeInIndex = 1; lastKnownFileType = text.xcconfig; name = "Pods-tableUITests.debug.xcconfig"; path = "Target Support Files/Pods-tableUITests/Pods-tableUITests.debug.xcconfig"; sourceTree = "<group>"; };
		47FED0FD1164A8BCB07347D1 /* Pods-table.debug.xcconfig */ = {isa = PBXFileReference; includeInIndex = 1; lastKnownFileType = text.xcconfig; name = "Pods-table.debug.xcconfig"; path = "Target Support Files/Pods-table/Pods-table.debug.xcconfig"; sourceTree = "<group>"; };
		5147A2DF2CECA094004D56F8 /* table.app */ = {isa = PBXFileReference; explicitFileType = wrapper.application; includeInIndex = 0; path = table.app; sourceTree = BUILT_PRODUCTS_DIR; };
		5147A2E22CECA094004D56F8 /* AppDelegate.swift */ = {isa = PBXFileReference; lastKnownFileType = sourcecode.swift; path = AppDelegate.swift; sourceTree = "<group>"; };
		5147A2E42CECA094004D56F8 /* SceneDelegate.swift */ = {isa = PBXFileReference; lastKnownFileType = sourcecode.swift; path = SceneDelegate.swift; sourceTree = "<group>"; };
		5147A2E92CECA094004D56F8 /* Base */ = {isa = PBXFileReference; lastKnownFileType = file.storyboard; name = Base; path = Base.lproj/Main.storyboard; sourceTree = "<group>"; };
		5147A2EB2CECA095004D56F8 /* Assets.xcassets */ = {isa = PBXFileReference; lastKnownFileType = folder.assetcatalog; path = Assets.xcassets; sourceTree = "<group>"; };
		5147A2EE2CECA095004D56F8 /* Base */ = {isa = PBXFileReference; lastKnownFileType = file.storyboard; name = Base; path = Base.lproj/LaunchScreen.storyboard; sourceTree = "<group>"; };
		5147A2F02CECA095004D56F8 /* Info.plist */ = {isa = PBXFileReference; lastKnownFileType = text.plist.xml; path = Info.plist; sourceTree = "<group>"; };
		5147A2F52CECA096004D56F8 /* tableTests.xctest */ = {isa = PBXFileReference; explicitFileType = wrapper.cfbundle; includeInIndex = 0; path = tableTests.xctest; sourceTree = BUILT_PRODUCTS_DIR; };
		5147A2F92CECA096004D56F8 /* tableTests.swift */ = {isa = PBXFileReference; lastKnownFileType = sourcecode.swift; path = tableTests.swift; sourceTree = "<group>"; };
		5147A2FF2CECA096004D56F8 /* tableUITests.xctest */ = {isa = PBXFileReference; explicitFileType = wrapper.cfbundle; includeInIndex = 0; path = tableUITests.xctest; sourceTree = BUILT_PRODUCTS_DIR; };
		5147A3032CECA096004D56F8 /* tableUITests.swift */ = {isa = PBXFileReference; lastKnownFileType = sourcecode.swift; path = tableUITests.swift; sourceTree = "<group>"; };
		5147A3052CECA096004D56F8 /* tableUITestsLaunchTests.swift */ = {isa = PBXFileReference; lastKnownFileType = sourcecode.swift; path = tableUITestsLaunchTests.swift; sourceTree = "<group>"; };
		5147A3152CECA1FA004D56F8 /* User.swift */ = {isa = PBXFileReference; lastKnownFileType = sourcecode.swift; path = User.swift; sourceTree = "<group>"; };
		5147A3172CECA216004D56F8 /* UserService.swift */ = {isa = PBXFileReference; lastKnownFileType = sourcecode.swift; path = UserService.swift; sourceTree = "<group>"; };
		5147A3192CECA23B004D56F8 /* UserViewController.swift */ = {isa = PBXFileReference; lastKnownFileType = sourcecode.swift; path = UserViewController.swift; sourceTree = "<group>"; };
		5147A31B2CECA264004D56F8 /* Presenter.swift */ = {isa = PBXFileReference; lastKnownFileType = sourcecode.swift; path = Presenter.swift; sourceTree = "<group>"; };
		5149EEFC2CED8E6A006D931B /* SettingCell.swift */ = {isa = PBXFileReference; lastKnownFileType = sourcecode.swift; path = SettingCell.swift; sourceTree = "<group>"; };
		7411A04C319DE6E7D5744525 /* Pods-table.release.xcconfig */ = {isa = PBXFileReference; includeInIndex = 1; lastKnownFileType = text.xcconfig; name = "Pods-table.release.xcconfig"; path = "Target Support Files/Pods-table/Pods-table.release.xcconfig"; sourceTree = "<group>"; };
		80FB7A793E89AA5039A7C03B /* libPods-tableTests.a */ = {isa = PBXFileReference; explicitFileType = archive.ar; includeInIndex = 0; path = "libPods-tableTests.a"; sourceTree = BUILT_PRODUCTS_DIR; };
		A5400359F078CE81E986C978 /* libPods-tableUITests.a */ = {isa = PBXFileReference; explicitFileType = archive.ar; includeInIndex = 0; path = "libPods-tableUITests.a"; sourceTree = BUILT_PRODUCTS_DIR; };
		DD6675AD62610060707A57A4 /* Pods-tableTests.release.xcconfig */ = {isa = PBXFileReference; includeInIndex = 1; lastKnownFileType = text.xcconfig; name = "Pods-tableTests.release.xcconfig"; path = "Target Support Files/Pods-tableTests/Pods-tableTests.release.xcconfig"; sourceTree = "<group>"; };
/* End PBXFileReference section */

/* Begin PBXFrameworksBuildPhase section */
		5147A2DC2CECA094004D56F8 /* Frameworks */ = {
			isa = PBXFrameworksBuildPhase;
			buildActionMask = 2147483647;
			files = (
				EEC2D21201B35679686E2429 /* libPods-table.a in Frameworks */,
			);
			runOnlyForDeploymentPostprocessing = 0;
		};
		5147A2F22CECA096004D56F8 /* Frameworks */ = {
			isa = PBXFrameworksBuildPhase;
			buildActionMask = 2147483647;
			files = (
				756ACC6505BA9BF6689928D0 /* libPods-tableTests.a in Frameworks */,
			);
			runOnlyForDeploymentPostprocessing = 0;
		};
		5147A2FC2CECA096004D56F8 /* Frameworks */ = {
			isa = PBXFrameworksBuildPhase;
			buildActionMask = 2147483647;
			files = (
				5CE31489D2A101604427F175 /* libPods-tableUITests.a in Frameworks */,
			);
			runOnlyForDeploymentPostprocessing = 0;
		};
/* End PBXFrameworksBuildPhase section */

/* Begin PBXGroup section */
		4A61F3B62860542ADB4EBF15 /* Pods */ = {
			isa = PBXGroup;
			children = (
				47FED0FD1164A8BCB07347D1 /* Pods-table.debug.xcconfig */,
				7411A04C319DE6E7D5744525 /* Pods-table.release.xcconfig */,
				0D6C92FD372846F30E6F628D /* Pods-tableTests.debug.xcconfig */,
				DD6675AD62610060707A57A4 /* Pods-tableTests.release.xcconfig */,
				3EDCEF2A29B9F6687793506A /* Pods-tableUITests.debug.xcconfig */,
				2EB055035A53A3D0B32AB85B /* Pods-tableUITests.release.xcconfig */,
			);
			path = Pods;
			sourceTree = "<group>";
		};
		5147A2D62CECA094004D56F8 = {
			isa = PBXGroup;
			children = (
				5147A2E12CECA094004D56F8 /* table */,
				5147A2F82CECA096004D56F8 /* tableTests */,
				5147A3022CECA096004D56F8 /* tableUITests */,
				5147A2E02CECA094004D56F8 /* Products */,
				4A61F3B62860542ADB4EBF15 /* Pods */,
				B268C9FCE3F10F7DF55CAE2B /* Frameworks */,
			);
			sourceTree = "<group>";
		};
		5147A2E02CECA094004D56F8 /* Products */ = {
			isa = PBXGroup;
			children = (
				5147A2DF2CECA094004D56F8 /* table.app */,
				5147A2F52CECA096004D56F8 /* tableTests.xctest */,
				5147A2FF2CECA096004D56F8 /* tableUITests.xctest */,
			);
			name = Products;
			sourceTree = "<group>";
		};
		5147A2E12CECA094004D56F8 /* table */ = {
			isa = PBXGroup;
			children = (
				5147A3142CECA1EF004D56F8 /* Presenter */,
				5147A3132CECA1E4004D56F8 /* Views */,
				5147A3122CECA1DE004D56F8 /* Models */,
				5147A2E22CECA094004D56F8 /* AppDelegate.swift */,
				5147A2E42CECA094004D56F8 /* SceneDelegate.swift */,
				5147A2E82CECA094004D56F8 /* Main.storyboard */,
				5147A2EB2CECA095004D56F8 /* Assets.xcassets */,
				5147A2ED2CECA095004D56F8 /* LaunchScreen.storyboard */,
				5147A2F02CECA095004D56F8 /* Info.plist */,
			);
			path = table;
			sourceTree = "<group>";
		};
		5147A2F82CECA096004D56F8 /* tableTests */ = {
			isa = PBXGroup;
			children = (
				5147A2F92CECA096004D56F8 /* tableTests.swift */,
			);
			path = tableTests;
			sourceTree = "<group>";
		};
		5147A3022CECA096004D56F8 /* tableUITests */ = {
			isa = PBXGroup;
			children = (
				5147A3032CECA096004D56F8 /* tableUITests.swift */,
				5147A3052CECA096004D56F8 /* tableUITestsLaunchTests.swift */,
			);
			path = tableUITests;
			sourceTree = "<group>";
		};
		5147A3122CECA1DE004D56F8 /* Models */ = {
			isa = PBXGroup;
			children = (
				5147A3152CECA1FA004D56F8 /* User.swift */,
				5147A3172CECA216004D56F8 /* UserService.swift */,
			);
			path = Models;
			sourceTree = "<group>";
		};
		5147A3132CECA1E4004D56F8 /* Views */ = {
			isa = PBXGroup;
			children = (
				5147A3192CECA23B004D56F8 /* UserViewController.swift */,
				5149EEFC2CED8E6A006D931B /* SettingCell.swift */,
			);
			path = Views;
			sourceTree = "<group>";
		};
		5147A3142CECA1EF004D56F8 /* Presenter */ = {
			isa = PBXGroup;
			children = (
				5147A31B2CECA264004D56F8 /* Presenter.swift */,
			);
			path = Presenter;
			sourceTree = "<group>";
		};
		B268C9FCE3F10F7DF55CAE2B /* Frameworks */ = {
			isa = PBXGroup;
			children = (
				0B7CC10A57028A31CEE7CAA5 /* libPods-table.a */,
				80FB7A793E89AA5039A7C03B /* libPods-tableTests.a */,
				A5400359F078CE81E986C978 /* libPods-tableUITests.a */,
			);
			name = Frameworks;
			sourceTree = "<group>";
		};
/* End PBXGroup section */

/* Begin PBXNativeTarget section */
		5147A2DE2CECA094004D56F8 /* table */ = {
			isa = PBXNativeTarget;
			buildConfigurationList = 5147A3092CECA096004D56F8 /* Build configuration list for PBXNativeTarget "table" */;
			buildPhases = (
				6D1E2EC8B997094ED16D7A80 /* [CP] Check Pods Manifest.lock */,
				5147A2DB2CECA094004D56F8 /* Sources */,
				5147A2DC2CECA094004D56F8 /* Frameworks */,
				5147A2DD2CECA094004D56F8 /* Resources */,
				A4CD72004983F7864A78176F /* [CP] Copy Pods Resources */,
			);
			buildRules = (
			);
			dependencies = (
			);
			name = table;
			productName = table;
			productReference = 5147A2DF2CECA094004D56F8 /* table.app */;
			productType = "com.apple.product-type.application";
		};
		5147A2F42CECA096004D56F8 /* tableTests */ = {
			isa = PBXNativeTarget;
			buildConfigurationList = 5147A30C2CECA096004D56F8 /* Build configuration list for PBXNativeTarget "tableTests" */;
			buildPhases = (
				BBC06542FCB485CB15E22D03 /* [CP] Check Pods Manifest.lock */,
				5147A2F12CECA096004D56F8 /* Sources */,
				5147A2F22CECA096004D56F8 /* Frameworks */,
				5147A2F32CECA096004D56F8 /* Resources */,
			);
			buildRules = (
			);
			dependencies = (
				5147A2F72CECA096004D56F8 /* PBXTargetDependency */,
			);
			name = tableTests;
			productName = tableTests;
			productReference = 5147A2F52CECA096004D56F8 /* tableTests.xctest */;
			productType = "com.apple.product-type.bundle.unit-test";
		};
		5147A2FE2CECA096004D56F8 /* tableUITests */ = {
			isa = PBXNativeTarget;
			buildConfigurationList = 5147A30F2CECA096004D56F8 /* Build configuration list for PBXNativeTarget "tableUITests" */;
			buildPhases = (
				C6AF168D49A14B1354FA9AA3 /* [CP] Check Pods Manifest.lock */,
				5147A2FB2CECA096004D56F8 /* Sources */,
				5147A2FC2CECA096004D56F8 /* Frameworks */,
				5147A2FD2CECA096004D56F8 /* Resources */,
			);
			buildRules = (
			);
			dependencies = (
				5147A3012CECA096004D56F8 /* PBXTargetDependency */,
			);
			name = tableUITests;
			productName = tableUITests;
			productReference = 5147A2FF2CECA096004D56F8 /* tableUITests.xctest */;
			productType = "com.apple.product-type.bundle.ui-testing";
		};
/* End PBXNativeTarget section */

/* Begin PBXProject section */
		5147A2D72CECA094004D56F8 /* Project object */ = {
			isa = PBXProject;
			attributes = {
				BuildIndependentTargetsInParallel = 1;
				LastSwiftUpdateCheck = 1520;
				LastUpgradeCheck = 1520;
				TargetAttributes = {
					5147A2DE2CECA094004D56F8 = {
						CreatedOnToolsVersion = 15.2;
					};
					5147A2F42CECA096004D56F8 = {
						CreatedOnToolsVersion = 15.2;
						TestTargetID = 5147A2DE2CECA094004D56F8;
					};
					5147A2FE2CECA096004D56F8 = {
						CreatedOnToolsVersion = 15.2;
						TestTargetID = 5147A2DE2CECA094004D56F8;
					};
				};
			};
			buildConfigurationList = 5147A2DA2CECA094004D56F8 /* Build configuration list for PBXProject "table" */;
			compatibilityVersion = "Xcode 14.0";
			developmentRegion = en;
			hasScannedForEncodings = 0;
			knownRegions = (
				en,
				Base,
			);
			mainGroup = 5147A2D62CECA094004D56F8;
			productRefGroup = 5147A2E02CECA094004D56F8 /* Products */;
			projectDirPath = "";
			projectRoot = "";
			targets = (
				5147A2DE2CECA094004D56F8 /* table */,
				5147A2F42CECA096004D56F8 /* tableTests */,
				5147A2FE2CECA096004D56F8 /* tableUITests */,
			);
		};
/* End PBXProject section */

/* Begin PBXResourcesBuildPhase section */
		5147A2DD2CECA094004D56F8 /* Resources */ = {
			isa = PBXResourcesBuildPhase;
			buildActionMask = 2147483647;
			files = (
				5147A2EF2CECA095004D56F8 /* LaunchScreen.storyboard in Resources */,
				5147A2EC2CECA095004D56F8 /* Assets.xcassets in Resources */,
				5147A2EA2CECA094004D56F8 /* Main.storyboard in Resources */,
			);
			runOnlyForDeploymentPostprocessing = 0;
		};
		5147A2F32CECA096004D56F8 /* Resources */ = {
			isa = PBXResourcesBuildPhase;
			buildActionMask = 2147483647;
			files = (
			);
			runOnlyForDeploymentPostprocessing = 0;
		};
		5147A2FD2CECA096004D56F8 /* Resources */ = {
			isa = PBXResourcesBuildPhase;
			buildActionMask = 2147483647;
			files = (
			);
			runOnlyForDeploymentPostprocessing = 0;
		};
/* End PBXResourcesBuildPhase section */

/* Begin PBXShellScriptBuildPhase section */
		6D1E2EC8B997094ED16D7A80 /* [CP] Check Pods Manifest.lock */ = {
			isa = PBXShellScriptBuildPhase;
			buildActionMask = 2147483647;
			files = (
			);
			inputFileListPaths = (
			);
			inputPaths = (
				"${PODS_PODFILE_DIR_PATH}/Podfile.lock",
				"${PODS_ROOT}/Manifest.lock",
			);
			name = "[CP] Check Pods Manifest.lock";
			outputFileListPaths = (
			);
			outputPaths = (
				"$(DERIVED_FILE_DIR)/Pods-table-checkManifestLockResult.txt",
			);
			runOnlyForDeploymentPostprocessing = 0;
			shellPath = /bin/sh;
			shellScript = "diff \"${PODS_PODFILE_DIR_PATH}/Podfile.lock\" \"${PODS_ROOT}/Manifest.lock\" > /dev/null\nif [ $? != 0 ] ; then\n    # print error to STDERR\n    echo \"error: The sandbox is not in sync with the Podfile.lock. Run 'pod install' or update your CocoaPods installation.\" >&2\n    exit 1\nfi\n# This output is used by Xcode 'outputs' to avoid re-running this script phase.\necho \"SUCCESS\" > \"${SCRIPT_OUTPUT_FILE_0}\"\n";
			showEnvVarsInLog = 0;
		};
		A4CD72004983F7864A78176F /* [CP] Copy Pods Resources */ = {
			isa = PBXShellScriptBuildPhase;
			buildActionMask = 2147483647;
			files = (
			);
			inputFileListPaths = (
				"${PODS_ROOT}/Target Support Files/Pods-table/Pods-table-resources-${CONFIGURATION}-input-files.xcfilelist",
			);
			name = "[CP] Copy Pods Resources";
			outputFileListPaths = (
				"${PODS_ROOT}/Target Support Files/Pods-table/Pods-table-resources-${CONFIGURATION}-output-files.xcfilelist",
			);
			runOnlyForDeploymentPostprocessing = 0;
			shellPath = /bin/sh;
			shellScript = "\"${PODS_ROOT}/Target Support Files/Pods-table/Pods-table-resources.sh\"\n";
			showEnvVarsInLog = 0;
		};
		BBC06542FCB485CB15E22D03 /* [CP] Check Pods Manifest.lock */ = {
			isa = PBXShellScriptBuildPhase;
			buildActionMask = 2147483647;
			files = (
			);
			inputFileListPaths = (
			);
			inputPaths = (
				"${PODS_PODFILE_DIR_PATH}/Podfile.lock",
				"${PODS_ROOT}/Manifest.lock",
			);
			name = "[CP] Check Pods Manifest.lock";
			outputFileListPaths = (
			);
			outputPaths = (
				"$(DERIVED_FILE_DIR)/Pods-tableTests-checkManifestLockResult.txt",
			);
			runOnlyForDeploymentPostprocessing = 0;
			shellPath = /bin/sh;
			shellScript = "diff \"${PODS_PODFILE_DIR_PATH}/Podfile.lock\" \"${PODS_ROOT}/Manifest.lock\" > /dev/null\nif [ $? != 0 ] ; then\n    # print error to STDERR\n    echo \"error: The sandbox is not in sync with the Podfile.lock. Run 'pod install' or update your CocoaPods installation.\" >&2\n    exit 1\nfi\n# This output is used by Xcode 'outputs' to avoid re-running this script phase.\necho \"SUCCESS\" > \"${SCRIPT_OUTPUT_FILE_0}\"\n";
			showEnvVarsInLog = 0;
		};
		C6AF168D49A14B1354FA9AA3 /* [CP] Check Pods Manifest.lock */ = {
			isa = PBXShellScriptBuildPhase;
			buildActionMask = 2147483647;
			files = (
			);
			inputFileListPaths = (
			);
			inputPaths = (
				"${PODS_PODFILE_DIR_PATH}/Podfile.lock",
				"${PODS_ROOT}/Manifest.lock",
			);
			name = "[CP] Check Pods Manifest.lock";
			outputFileListPaths = (
			);
			outputPaths = (
				"$(DERIVED_FILE_DIR)/Pods-tableUITests-checkManifestLockResult.txt",
			);
			runOnlyForDeploymentPostprocessing = 0;
			shellPath = /bin/sh;
			shellScript = "diff \"${PODS_PODFILE_DIR_PATH}/Podfile.lock\" \"${PODS_ROOT}/Manifest.lock\" > /dev/null\nif [ $? != 0 ] ; then\n    # print error to STDERR\n    echo \"error: The sandbox is not in sync with the Podfile.lock. Run 'pod install' or update your CocoaPods installation.\" >&2\n    exit 1\nfi\n# This output is used by Xcode 'outputs' to avoid re-running this script phase.\necho \"SUCCESS\" > \"${SCRIPT_OUTPUT_FILE_0}\"\n";
			showEnvVarsInLog = 0;
		};
/* End PBXShellScriptBuildPhase section */

/* Begin PBXSourcesBuildPhase section */
		5147A2DB2CECA094004D56F8 /* Sources */ = {
			isa = PBXSourcesBuildPhase;
			buildActionMask = 2147483647;
			files = (
				5147A3162CECA1FA004D56F8 /* User.swift in Sources */,
				5147A31C2CECA264004D56F8 /* Presenter.swift in Sources */,
				5147A31A2CECA23B004D56F8 /* UserViewController.swift in Sources */,
				5147A3182CECA216004D56F8 /* UserService.swift in Sources */,
				5149EEFD2CED8E6A006D931B /* SettingCell.swift in Sources */,
				5147A2E32CECA094004D56F8 /* AppDelegate.swift in Sources */,
				5147A2E52CECA094004D56F8 /* SceneDelegate.swift in Sources */,
			);
			runOnlyForDeploymentPostprocessing = 0;
		};
		5147A2F12CECA096004D56F8 /* Sources */ = {
			isa = PBXSourcesBuildPhase;
			buildActionMask = 2147483647;
			files = (
				5147A2FA2CECA096004D56F8 /* tableTests.swift in Sources */,
			);
			runOnlyForDeploymentPostprocessing = 0;
		};
		5147A2FB2CECA096004D56F8 /* Sources */ = {
			isa = PBXSourcesBuildPhase;
			buildActionMask = 2147483647;
			files = (
				5147A3042CECA096004D56F8 /* tableUITests.swift in Sources */,
				5147A3062CECA096004D56F8 /* tableUITestsLaunchTests.swift in Sources */,
			);
			runOnlyForDeploymentPostprocessing = 0;
		};
/* End PBXSourcesBuildPhase section */

/* Begin PBXTargetDependency section */
		5147A2F72CECA096004D56F8 /* PBXTargetDependency */ = {
			isa = PBXTargetDependency;
			target = 5147A2DE2CECA094004D56F8 /* table */;
			targetProxy = 5147A2F62CECA096004D56F8 /* PBXContainerItemProxy */;
		};
		5147A3012CECA096004D56F8 /* PBXTargetDependency */ = {
			isa = PBXTargetDependency;
			target = 5147A2DE2CECA094004D56F8 /* table */;
			targetProxy = 5147A3002CECA096004D56F8 /* PBXContainerItemProxy */;
		};
/* End PBXTargetDependency section */

/* Begin PBXVariantGroup section */
		5147A2E82CECA094004D56F8 /* Main.storyboard */ = {
			isa = PBXVariantGroup;
			children = (
				5147A2E92CECA094004D56F8 /* Base */,
			);
			name = Main.storyboard;
			sourceTree = "<group>";
		};
		5147A2ED2CECA095004D56F8 /* LaunchScreen.storyboard */ = {
			isa = PBXVariantGroup;
			children = (
				5147A2EE2CECA095004D56F8 /* Base */,
			);
			name = LaunchScreen.storyboard;
			sourceTree = "<group>";
		};
/* End PBXVariantGroup section */

/* Begin XCBuildConfiguration section */
		5147A3072CECA096004D56F8 /* Debug */ = {
			isa = XCBuildConfiguration;
			buildSettings = {
				ALWAYS_SEARCH_USER_PATHS = NO;
				ASSETCATALOG_COMPILER_GENERATE_SWIFT_ASSET_SYMBOL_EXTENSIONS = YES;
				CLANG_ANALYZER_NONNULL = YES;
				CLANG_ANALYZER_NUMBER_OBJECT_CONVERSION = YES_AGGRESSIVE;
				CLANG_CXX_LANGUAGE_STANDARD = "gnu++20";
				CLANG_ENABLE_MODULES = YES;
				CLANG_ENABLE_OBJC_ARC = YES;
				CLANG_ENABLE_OBJC_WEAK = YES;
				CLANG_WARN_BLOCK_CAPTURE_AUTORELEASING = YES;
				CLANG_WARN_BOOL_CONVERSION = YES;
				CLANG_WARN_COMMA = YES;
				CLANG_WARN_CONSTANT_CONVERSION = YES;
				CLANG_WARN_DEPRECATED_OBJC_IMPLEMENTATIONS = YES;
				CLANG_WARN_DIRECT_OBJC_ISA_USAGE = YES_ERROR;
				CLANG_WARN_DOCUMENTATION_COMMENTS = YES;
				CLANG_WARN_EMPTY_BODY = YES;
				CLANG_WARN_ENUM_CONVERSION = YES;
				CLANG_WARN_INFINITE_RECURSION = YES;
				CLANG_WARN_INT_CONVERSION = YES;
				CLANG_WARN_NON_LITERAL_NULL_CONVERSION = YES;
				CLANG_WARN_OBJC_IMPLICIT_RETAIN_SELF = YES;
				CLANG_WARN_OBJC_LITERAL_CONVERSION = YES;
				CLANG_WARN_OBJC_ROOT_CLASS = YES_ERROR;
				CLANG_WARN_QUOTED_INCLUDE_IN_FRAMEWORK_HEADER = YES;
				CLANG_WARN_RANGE_LOOP_ANALYSIS = YES;
				CLANG_WARN_STRICT_PROTOTYPES = YES;
				CLANG_WARN_SUSPICIOUS_MOVE = YES;
				CLANG_WARN_UNGUARDED_AVAILABILITY = YES_AGGRESSIVE;
				CLANG_WARN_UNREACHABLE_CODE = YES;
				CLANG_WARN__DUPLICATE_METHOD_MATCH = YES;
				COPY_PHASE_STRIP = NO;
				DEBUG_INFORMATION_FORMAT = dwarf;
				ENABLE_STRICT_OBJC_MSGSEND = YES;
				ENABLE_TESTABILITY = YES;
				ENABLE_USER_SCRIPT_SANDBOXING = YES;
				GCC_C_LANGUAGE_STANDARD = gnu17;
				GCC_DYNAMIC_NO_PIC = NO;
				GCC_NO_COMMON_BLOCKS = YES;
				GCC_OPTIMIZATION_LEVEL = 0;
				GCC_PREPROCESSOR_DEFINITIONS = (
					"DEBUG=1",
					"$(inherited)",
				);
				GCC_WARN_64_TO_32_BIT_CONVERSION = YES;
				GCC_WARN_ABOUT_RETURN_TYPE = YES_ERROR;
				GCC_WARN_UNDECLARED_SELECTOR = YES;
				GCC_WARN_UNINITIALIZED_AUTOS = YES_AGGRESSIVE;
				GCC_WARN_UNUSED_FUNCTION = YES;
				GCC_WARN_UNUSED_VARIABLE = YES;
				IPHONEOS_DEPLOYMENT_TARGET = 17.2;
				LOCALIZATION_PREFERS_STRING_CATALOGS = YES;
				MTL_ENABLE_DEBUG_INFO = INCLUDE_SOURCE;
				MTL_FAST_MATH = YES;
				ONLY_ACTIVE_ARCH = YES;
				SDKROOT = iphoneos;
				SWIFT_ACTIVE_COMPILATION_CONDITIONS = "DEBUG $(inherited)";
				SWIFT_OPTIMIZATION_LEVEL = "-Onone";
			};
			name = Debug;
		};
		5147A3082CECA096004D56F8 /* Release */ = {
			isa = XCBuildConfiguration;
			buildSettings = {
				ALWAYS_SEARCH_USER_PATHS = NO;
				ASSETCATALOG_COMPILER_GENERATE_SWIFT_ASSET_SYMBOL_EXTENSIONS = YES;
				CLANG_ANALYZER_NONNULL = YES;
				CLANG_ANALYZER_NUMBER_OBJECT_CONVERSION = YES_AGGRESSIVE;
				CLANG_CXX_LANGUAGE_STANDARD = "gnu++20";
				CLANG_ENABLE_MODULES = YES;
				CLANG_ENABLE_OBJC_ARC = YES;
				CLANG_ENABLE_OBJC_WEAK = YES;
				CLANG_WARN_BLOCK_CAPTURE_AUTORELEASING = YES;
				CLANG_WARN_BOOL_CONVERSION = YES;
				CLANG_WARN_COMMA = YES;
				CLANG_WARN_CONSTANT_CONVERSION = YES;
				CLANG_WARN_DEPRECATED_OBJC_IMPLEMENTATIONS = YES;
				CLANG_WARN_DIRECT_OBJC_ISA_USAGE = YES_ERROR;
				CLANG_WARN_DOCUMENTATION_COMMENTS = YES;
				CLANG_WARN_EMPTY_BODY = YES;
				CLANG_WARN_ENUM_CONVERSION = YES;
				CLANG_WARN_INFINITE_RECURSION = YES;
				CLANG_WARN_INT_CONVERSION = YES;
				CLANG_WARN_NON_LITERAL_NULL_CONVERSION = YES;
				CLANG_WARN_OBJC_IMPLICIT_RETAIN_SELF = YES;
				CLANG_WARN_OBJC_LITERAL_CONVERSION = YES;
				CLANG_WARN_OBJC_ROOT_CLASS = YES_ERROR;
				CLANG_WARN_QUOTED_INCLUDE_IN_FRAMEWORK_HEADER = YES;
				CLANG_WARN_RANGE_LOOP_ANALYSIS = YES;
				CLANG_WARN_STRICT_PROTOTYPES = YES;
				CLANG_WARN_SUSPICIOUS_MOVE = YES;
				CLANG_WARN_UNGUARDED_AVAILABILITY = YES_AGGRESSIVE;
				CLANG_WARN_UNREACHABLE_CODE = YES;
				CLANG_WARN__DUPLICATE_METHOD_MATCH = YES;
				COPY_PHASE_STRIP = NO;
				DEBUG_INFORMATION_FORMAT = "dwarf-with-dsym";
				ENABLE_NS_ASSERTIONS = NO;
				ENABLE_STRICT_OBJC_MSGSEND = YES;
				ENABLE_USER_SCRIPT_SANDBOXING = YES;
				GCC_C_LANGUAGE_STANDARD = gnu17;
				GCC_NO_COMMON_BLOCKS = YES;
				GCC_WARN_64_TO_32_BIT_CONVERSION = YES;
				GCC_WARN_ABOUT_RETURN_TYPE = YES_ERROR;
				GCC_WARN_UNDECLARED_SELECTOR = YES;
				GCC_WARN_UNINITIALIZED_AUTOS = YES_AGGRESSIVE;
				GCC_WARN_UNUSED_FUNCTION = YES;
				GCC_WARN_UNUSED_VARIABLE = YES;
				IPHONEOS_DEPLOYMENT_TARGET = 17.2;
				LOCALIZATION_PREFERS_STRING_CATALOGS = YES;
				MTL_ENABLE_DEBUG_INFO = NO;
				MTL_FAST_MATH = YES;
				SDKROOT = iphoneos;
				SWIFT_COMPILATION_MODE = wholemodule;
				VALIDATE_PRODUCT = YES;
			};
			name = Release;
		};
		5147A30A2CECA096004D56F8 /* Debug */ = {
			isa = XCBuildConfiguration;
			baseConfigurationReference = 47FED0FD1164A8BCB07347D1 /* Pods-table.debug.xcconfig */;
			buildSettings = {
				ASSETCATALOG_COMPILER_APPICON_NAME = AppIcon;
				ASSETCATALOG_COMPILER_GLOBAL_ACCENT_COLOR_NAME = AccentColor;
				CODE_SIGN_STYLE = Automatic;
				CURRENT_PROJECT_VERSION = 1;
				DEVELOPMENT_TEAM = 9N4G98DW98;
				ENABLE_USER_SCRIPT_SANDBOXING = NO;
				GENERATE_INFOPLIST_FILE = YES;
				INFOPLIST_FILE = table/Info.plist;
				INFOPLIST_KEY_UIApplicationSupportsIndirectInputEvents = YES;
				INFOPLIST_KEY_UILaunchStoryboardName = LaunchScreen;
				INFOPLIST_KEY_UIMainStoryboardFile = Main;
				INFOPLIST_KEY_UISupportedInterfaceOrientations_iPad = "UIInterfaceOrientationPortrait UIInterfaceOrientationPortraitUpsideDown UIInterfaceOrientationLandscapeLeft UIInterfaceOrientationLandscapeRight";
				INFOPLIST_KEY_UISupportedInterfaceOrientations_iPhone = "UIInterfaceOrientationPortrait UIInterfaceOrientationLandscapeLeft UIInterfaceOrientationLandscapeRight";
				LD_RUNPATH_SEARCH_PATHS = (
					"$(inherited)",
					"@executable_path/Frameworks",
				);
				MARKETING_VERSION = 1.0;
				PRODUCT_BUNDLE_IDENTIFIER = zhoujunkai.table;
				PRODUCT_NAME = "$(TARGET_NAME)";
				SWIFT_EMIT_LOC_STRINGS = YES;
				SWIFT_VERSION = 5.0;
				TARGETED_DEVICE_FAMILY = "1,2";
			};
			name = Debug;
		};
		5147A30B2CECA096004D56F8 /* Release */ = {
			isa = XCBuildConfiguration;
			baseConfigurationReference = 7411A04C319DE6E7D5744525 /* Pods-table.release.xcconfig */;
			buildSettings = {
				ASSETCATALOG_COMPILER_APPICON_NAME = AppIcon;
				ASSETCATALOG_COMPILER_GLOBAL_ACCENT_COLOR_NAME = AccentColor;
				CODE_SIGN_STYLE = Automatic;
				CURRENT_PROJECT_VERSION = 1;
				DEVELOPMENT_TEAM = 9N4G98DW98;
				ENABLE_USER_SCRIPT_SANDBOXING = NO;
				GENERATE_INFOPLIST_FILE = YES;
				INFOPLIST_FILE = table/Info.plist;
				INFOPLIST_KEY_UIApplicationSupportsIndirectInputEvents = YES;
				INFOPLIST_KEY_UILaunchStoryboardName = LaunchScreen;
				INFOPLIST_KEY_UIMainStoryboardFile = Main;
				INFOPLIST_KEY_UISupportedInterfaceOrientations_iPad = "UIInterfaceOrientationPortrait UIInterfaceOrientationPortraitUpsideDown UIInterfaceOrientationLandscapeLeft UIInterfaceOrientationLandscapeRight";
				INFOPLIST_KEY_UISupportedInterfaceOrientations_iPhone = "UIInterfaceOrientationPortrait UIInterfaceOrientationLandscapeLeft UIInterfaceOrientationLandscapeRight";
				LD_RUNPATH_SEARCH_PATHS = (
					"$(inherited)",
					"@executable_path/Frameworks",
				);
				MARKETING_VERSION = 1.0;
				PRODUCT_BUNDLE_IDENTIFIER = zhoujunkai.table;
				PRODUCT_NAME = "$(TARGET_NAME)";
				SWIFT_EMIT_LOC_STRINGS = YES;
				SWIFT_VERSION = 5.0;
				TARGETED_DEVICE_FAMILY = "1,2";
			};
			name = Release;
		};
		5147A30D2CECA096004D56F8 /* Debug */ = {
			isa = XCBuildConfiguration;
			baseConfigurationReference = 0D6C92FD372846F30E6F628D /* Pods-tableTests.debug.xcconfig */;
			buildSettings = {
				ALWAYS_EMBED_SWIFT_STANDARD_LIBRARIES = YES;
				BUNDLE_LOADER = "$(TEST_HOST)";
				CODE_SIGN_STYLE = Automatic;
				CURRENT_PROJECT_VERSION = 1;
				DEVELOPMENT_TEAM = 9N4G98DW98;
				GENERATE_INFOPLIST_FILE = YES;
				IPHONEOS_DEPLOYMENT_TARGET = 17.2;
				MARKETING_VERSION = 1.0;
				PRODUCT_BUNDLE_IDENTIFIER = zhoujunkai.tableTests;
				PRODUCT_NAME = "$(TARGET_NAME)";
				SWIFT_EMIT_LOC_STRINGS = NO;
				SWIFT_VERSION = 5.0;
				TARGETED_DEVICE_FAMILY = "1,2";
				TEST_HOST = "$(BUILT_PRODUCTS_DIR)/table.app/$(BUNDLE_EXECUTABLE_FOLDER_PATH)/table";
			};
			name = Debug;
		};
		5147A30E2CECA096004D56F8 /* Release */ = {
			isa = XCBuildConfiguration;
			baseConfigurationReference = DD6675AD62610060707A57A4 /* Pods-tableTests.release.xcconfig */;
			buildSettings = {
				ALWAYS_EMBED_SWIFT_STANDARD_LIBRARIES = YES;
				BUNDLE_LOADER = "$(TEST_HOST)";
				CODE_SIGN_STYLE = Automatic;
				CURRENT_PROJECT_VERSION = 1;
				DEVELOPMENT_TEAM = 9N4G98DW98;
				GENERATE_INFOPLIST_FILE = YES;
				IPHONEOS_DEPLOYMENT_TARGET = 17.2;
				MARKETING_VERSION = 1.0;
				PRODUCT_BUNDLE_IDENTIFIER = zhoujunkai.tableTests;
				PRODUCT_NAME = "$(TARGET_NAME)";
				SWIFT_EMIT_LOC_STRINGS = NO;
				SWIFT_VERSION = 5.0;
				TARGETED_DEVICE_FAMILY = "1,2";
				TEST_HOST = "$(BUILT_PRODUCTS_DIR)/table.app/$(BUNDLE_EXECUTABLE_FOLDER_PATH)/table";
			};
			name = Release;
		};
		5147A3102CECA096004D56F8 /* Debug */ = {
			isa = XCBuildConfiguration;
			baseConfigurationReference = 3EDCEF2A29B9F6687793506A /* Pods-tableUITests.debug.xcconfig */;
			buildSettings = {
				ALWAYS_EMBED_SWIFT_STANDARD_LIBRARIES = YES;
				CODE_SIGN_STYLE = Automatic;
				CURRENT_PROJECT_VERSION = 1;
				DEVELOPMENT_TEAM = 9N4G98DW98;
				GENERATE_INFOPLIST_FILE = YES;
				MARKETING_VERSION = 1.0;
				PRODUCT_BUNDLE_IDENTIFIER = zhoujunkai.tableUITests;
				PRODUCT_NAME = "$(TARGET_NAME)";
				SWIFT_EMIT_LOC_STRINGS = NO;
				SWIFT_VERSION = 5.0;
				TARGETED_DEVICE_FAMILY = "1,2";
				TEST_TARGET_NAME = table;
			};
			name = Debug;
		};
		5147A3112CECA096004D56F8 /* Release */ = {
			isa = XCBuildConfiguration;
			baseConfigurationReference = 2EB055035A53A3D0B32AB85B /* Pods-tableUITests.release.xcconfig */;
			buildSettings = {
				ALWAYS_EMBED_SWIFT_STANDARD_LIBRARIES = YES;
				CODE_SIGN_STYLE = Automatic;
				CURRENT_PROJECT_VERSION = 1;
				DEVELOPMENT_TEAM = 9N4G98DW98;
				GENERATE_INFOPLIST_FILE = YES;
				MARKETING_VERSION = 1.0;
				PRODUCT_BUNDLE_IDENTIFIER = zhoujunkai.tableUITests;
				PRODUCT_NAME = "$(TARGET_NAME)";
				SWIFT_EMIT_LOC_STRINGS = NO;
				SWIFT_VERSION = 5.0;
				TARGETED_DEVICE_FAMILY = "1,2";
				TEST_TARGET_NAME = table;
			};
			name = Release;
		};
/* End XCBuildConfiguration section */

/* Begin XCConfigurationList section */
		5147A2DA2CECA094004D56F8 /* Build configuration list for PBXProject "table" */ = {
			isa = XCConfigurationList;
			buildConfigurations = (
				5147A3072CECA096004D56F8 /* Debug */,
				5147A3082CECA096004D56F8 /* Release */,
			);
			defaultConfigurationIsVisible = 0;
			defaultConfigurationName = Release;
		};
		5147A3092CECA096004D56F8 /* Build configuration list for PBXNativeTarget "table" */ = {
			isa = XCConfigurationList;
			buildConfigurations = (
				5147A30A2CECA096004D56F8 /* Debug */,
				5147A30B2CECA096004D56F8 /* Release */,
			);
			defaultConfigurationIsVisible = 0;
			defaultConfigurationName = Release;
		};
		5147A30C2CECA096004D56F8 /* Build configuration list for PBXNativeTarget "tableTests" */ = {
			isa = XCConfigurationList;
			buildConfigurations = (
				5147A30D2CECA096004D56F8 /* Debug */,
				5147A30E2CECA096004D56F8 /* Release */,
			);
			defaultConfigurationIsVisible = 0;
			defaultConfigurationName = Release;
		};
		5147A30F2CECA096004D56F8 /* Build configuration list for PBXNativeTarget "tableUITests" */ = {
			isa = XCConfigurationList;
			buildConfigurations = (
				5147A3102CECA096004D56F8 /* Debug */,
				5147A3112CECA096004D56F8 /* Release */,
			);
			defaultConfigurationIsVisible = 0;
			defaultConfigurationName = Release;
		};
/* End XCConfigurationList section */
	};
	rootObject = 5147A2D72CECA094004D56F8 /* Project object */;
}
